<?xml version="1.0" encoding="utf-8"?>
<Project ToolsVersion="4.0" xmlns="http://schemas.microsoft.com/developer/msbuild/2003">
  <ItemGroup>
    <Filter Include="Pizza">
      <UniqueIdentifier>{5353E20D-BF67-0ABF-88E9-AD1EF4BC06F0}</UniqueIdentifier>
    </Filter>
  </ItemGroup>
  <ItemGroup>
    <ClInclude Include="src\Pizza.h" />
    <ClInclude Include="src\Pizza\Application.h">
      <Filter>Pizza</Filter>
    </ClInclude>
    <ClInclude Include="src\Pizza\Core.h">
      <Filter>Pizza</Filter>
    </ClInclude>
    <ClInclude Include="src\Pizza\EntryPoint.h">
      <Filter>Pizza</Filter>
    </ClInclude>
    <ClInclude Include="src\Pizza\Log.h">
      <Filter>Pizza</Filter>
    </ClInclude>
  </ItemGroup>
  <ItemGroup>
    <ClCompile Include="src\Pizza\Application.cpp">
      <Filter>Pizza</Filter>
    </ClCompile>
    <ClCompile Include="src\Pizza\Log.cpp">
      <Filter>Pizza</Filter>
    </ClCompile>
  </ItemGroup>
</Project>